<?xml version="1.0" encoding="utf-8"?>
<Project ToolsVersion="4.0" xmlns="http://schemas.microsoft.com/developer/msbuild/2003">
  <ItemGroup>
    <Filter Include="Source Files">
      <UniqueIdentifier>{4FC737F1-C7A5-4376-A066-2A32D752A2FF}</UniqueIdentifier>
      <Extensions>cpp;c;cc;cxx;def;odl;idl;hpj;bat;asm;asmx</Extensions>
    </Filter>
    <Filter Include="Header Files">
      <UniqueIdentifier>{93995380-89BD-4b04-88EB-625FBE52EBFB}</UniqueIdentifier>
      <Extensions>h;hh;hpp;hxx;hm;inl;inc;ipp;xsd</Extensions>
    </Filter>
    <Filter Include="Resource Files">
      <UniqueIdentifier>{67DA6AB6-F800-4c08-8B7A-83BB121AAD01}</UniqueIdentifier>
      <Extensions>rc;ico;cur;bmp;dlg;rc2;rct;bin;rgs;gif;jpg;jpeg;jpe;resx;tiff;tif;png;wav;mfcribbon-ms</Extensions>
    </Filter>
  </ItemGroup>
  <ItemGroup>
    <ClCompile Include="main.cpp">
      <Filter>Source Files</Filter>
    </ClCompile>
    <ClCompile Include="cwsdk\cwsdk\cube\ChatWidget.cpp">
      <Filter>Source Files</Filter>
    </ClCompile>
    <ClCompile Include="cwsdk\cwsdk\cube\Chunk.cpp">
      <Filter>Source Files</Filter>
    </ClCompile>
    <ClCompile Include="cwsdk\cwsdk\cube\Creature.cpp">
      <Filter>Source Files</Filter>
    </ClCompile>
    <ClCompile Include="cwsdk\cwsdk\cube\Field.cpp">
      <Filter>Source Files</Filter>
    </ClCompile>
    <ClCompile Include="cwsdk\cwsdk\cube\GameController.cpp">
      <Filter>Source Files</Filter>
    </ClCompile>
    <ClCompile Include="cwsdk\cwsdk\cube\Region.cpp">
      <Filter>Source Files</Filter>
    </ClCompile>
    <ClCompile Include="cwsdk\cwsdk\cube\Speech.cpp">
      <Filter>Source Files</Filter>
    </ClCompile>
    <ClCompile Include="cwsdk\cwsdk\cube\Sprite.cpp">
      <Filter>Source Files</Filter>
    </ClCompile>
    <ClCompile Include="cwsdk\cwsdk\cube\World.cpp">
      <Filter>Source Files</Filter>
    </ClCompile>
    <ClCompile Include="cwsdk\cwsdk\cube\Zone.cpp">
      <Filter>Source Files</Filter>
    </ClCompile>
    <ClCompile Include="cwsdk\cwsdk\msvc_bincompat\map.cpp">
      <Filter>Source Files</Filter>
    </ClCompile>
    <ClCompile Include="cwsdk\cwsdk\msvc_bincompat\string.cpp">
      <Filter>Source Files</Filter>
    </ClCompile>
    <ClCompile Include="cwsdk\cwsdk\msvc_bincompat\vector.cpp">
      <Filter>Source Files</Filter>
    </ClCompile>
    <ClCompile Include="cwsdk\cwsdk\msvc_bincompat\wstring.cpp">
      <Filter>Source Files</Filter>
    </ClCompile>
    <ClCompile Include="cwsdk\cwsdk\cube.cpp">
      <Filter>Source Files</Filter>
    </ClCompile>
    <ClCompile Include="cwsdk\cwsdk\cube_funcs.cpp">
      <Filter>Source Files</Filter>
    </ClCompile>
    <ClCompile Include="cwsdk\cwsdk\cube_util.cpp">
      <Filter>Source Files</Filter>
    </ClCompile>
    <ClCompile Include="cwsdk\cwsdk\globals.cpp">
      <Filter>Source Files</Filter>
    </ClCompile>
    <ClCompile Include="cwsdk\cwsdk\Matrix4x4.cpp">
      <Filter>Source Files</Filter>
    </ClCompile>
    <ClCompile Include="cwsdk\cwsdk\memory_management.cpp">
      <Filter>Source Files</Filter>
    </ClCompile>
    <ClCompile Include="cwsdk\cwsdk\Vector3.cpp">
      <Filter>Source Files</Filter>
    </ClCompile>
    <ClCompile Include="imgui\imgui.cpp">
      <Filter>Source Files</Filter>
    </ClCompile>
    <ClCompile Include="imgui\imgui_demo.cpp">
      <Filter>Source Files</Filter>
    </ClCompile>
    <ClCompile Include="imgui\imgui_draw.cpp">
      <Filter>Source Files</Filter>
    </ClCompile>
    <ClCompile Include="imgui\imgui_widgets.cpp">
      <Filter>Source Files</Filter>
    </ClCompile>
    <ClCompile Include="imgui\examples\imgui_impl_dx9.cpp">
      <Filter>Source Files</Filter>
    </ClCompile>
    <ClCompile Include="imgui\examples\imgui_impl_win32.cpp">
      <Filter>Source Files</Filter>
    </ClCompile>
    <ClCompile Include="BM.cpp">
      <Filter>Source Files</Filter>
    </ClCompile>
    <ClCompile Include="Util.cpp">
      <Filter>Source Files</Filter>
    </ClCompile>
  </ItemGroup>
  <ItemGroup>
    <ClInclude Include="cwsdk\cwsdk\cube\ChatWidget.h">
      <Filter>Header Files</Filter>
    </ClInclude>
    <ClInclude Include="cwsdk\cwsdk\cube\Chunk.h">
      <Filter>Header Files</Filter>
    </ClInclude>
    <ClInclude Include="cwsdk\cwsdk\cube\Creature.h">
      <Filter>Header Files</Filter>
    </ClInclude>
    <ClInclude Include="cwsdk\cwsdk\cube\Database.h">
      <Filter>Header Files</Filter>
    </ClInclude>
    <ClInclude Include="cwsdk\cwsdk\cube\Field.h">
      <Filter>Header Files</Filter>
    </ClInclude>
    <ClInclude Include="cwsdk\cwsdk\cube\GameController.h">
      <Filter>Header Files</Filter>
    </ClInclude>
    <ClInclude Include="cwsdk\cwsdk\cube\Region.h">
      <Filter>Header Files</Filter>
    </ClInclude>
    <ClInclude Include="cwsdk\cwsdk\cube\Speech.h">
      <Filter>Header Files</Filter>
    </ClInclude>
    <ClInclude Include="cwsdk\cwsdk\cube\Sprite.h">
      <Filter>Header Files</Filter>
    </ClInclude>
    <ClInclude Include="cwsdk\cwsdk\cube\SpriteManager.h">
      <Filter>Header Files</Filter>
    </ClInclude>
    <ClInclude Include="cwsdk\cwsdk\cube\World.h">
      <Filter>Header Files</Filter>
    </ClInclude>
    <ClInclude Include="cwsdk\cwsdk\cube\WorldMap.h">
      <Filter>Header Files</Filter>
    </ClInclude>
    <ClInclude Include="cwsdk\cwsdk\cube\Zone.h">
      <Filter>Header Files</Filter>
    </ClInclude>
    <ClInclude Include="cwsdk\cwsdk\msvc_bincompat\map.h">
      <Filter>Header Files</Filter>
    </ClInclude>
    <ClInclude Include="cwsdk\cwsdk\msvc_bincompat\string.h">
      <Filter>Header Files</Filter>
    </ClInclude>
    <ClInclude Include="cwsdk\cwsdk\msvc_bincompat\vector.h">
      <Filter>Header Files</Filter>
    </ClInclude>
    <ClInclude Include="cwsdk\cwsdk\msvc_bincompat\wstring.h">
      <Filter>Header Files</Filter>
    </ClInclude>
    <ClInclude Include="cwsdk\cwsdk\plasma\Attribute.h">
      <Filter>Header Files</Filter>
    </ClInclude>
    <ClInclude Include="cwsdk\cwsdk\plasma\ContinuousArrayAttribute.h">
      <Filter>Header Files</Filter>
    </ClInclude>
    <ClInclude Include="cwsdk\cwsdk\plasma\ContinuousAttribute.h">
      <Filter>Header Files</Filter>
    </ClInclude>
    <ClInclude Include="cwsdk\cwsdk\plasma\DiscreteAttribute.h">
      <Filter>Header Files</Filter>
    </ClInclude>
    <ClInclude Include="cwsdk\cwsdk\plasma\Display.h">
      <Filter>Header Files</Filter>
    </ClInclude>
    <ClInclude Include="cwsdk\cwsdk\plasma\Keyable.h">
      <Filter>Header Files</Filter>
    </ClInclude>
    <ClInclude Include="cwsdk\cwsdk\plasma\Matrix.h">
      <Filter>Header Files</Filter>
    </ClInclude>
    <ClInclude Include="cwsdk\cwsdk\plasma\MeshShape.h">
      <Filter>Header Files</Filter>
    </ClInclude>
    <ClInclude Include="cwsdk\cwsdk\plasma\NamedObject.h">
      <Filter>Header Files</Filter>
    </ClInclude>
    <ClInclude Include="cwsdk\cwsdk\plasma\Node.h">
      <Filter>Header Files</Filter>
    </ClInclude>
    <ClInclude Include="cwsdk\cwsdk\plasma\Object.h">
      <Filter>Header Files</Filter>
    </ClInclude>
    <ClInclude Include="cwsdk\cwsdk\plasma\Shape.h">
      <Filter>Header Files</Filter>
    </ClInclude>
    <ClInclude Include="cwsdk\cwsdk\plasma\SmoothMeshShape.h">
      <Filter>Header Files</Filter>
    </ClInclude>
    <ClInclude Include="cwsdk\cwsdk\plasma\Transformation.h">
      <Filter>Header Files</Filter>
    </ClInclude>
    <ClInclude Include="cwsdk\cwsdk\plasma\Vector.h">
      <Filter>Header Files</Filter>
    </ClInclude>
    <ClInclude Include="cwsdk\cwsdk\plasma\Widget.h">
      <Filter>Header Files</Filter>
    </ClInclude>
    <ClInclude Include="cwsdk\cwsdk\assert_size.h">
      <Filter>Header Files</Filter>
    </ClInclude>
    <ClInclude Include="cwsdk\cwsdk\cube.h">
      <Filter>Header Files</Filter>
    </ClInclude>
    <ClInclude Include="cwsdk\cwsdk\cube_funcs.h">
      <Filter>Header Files</Filter>
    </ClInclude>
    <ClInclude Include="cwsdk\cwsdk\cube_util.h">
      <Filter>Header Files</Filter>
    </ClInclude>
    <ClInclude Include="cwsdk\cwsdk\dll_exports.h">
      <Filter>Header Files</Filter>
    </ClInclude>
    <ClInclude Include="cwsdk\cwsdk\dx9_stub.h">
      <Filter>Header Files</Filter>
    </ClInclude>
    <ClInclude Include="cwsdk\cwsdk\globals.h">
      <Filter>Header Files</Filter>
    </ClInclude>
    <ClInclude Include="cwsdk\cwsdk\Matrix4x4.h">
      <Filter>Header Files</Filter>
    </ClInclude>
    <ClInclude Include="cwsdk\cwsdk\memory_management.h">
      <Filter>Header Files</Filter>
    </ClInclude>
    <ClInclude Include="cwsdk\cwsdk\msvc_bincompat.h">
      <Filter>Header Files</Filter>
    </ClInclude>
    <ClInclude Include="cwsdk\cwsdk\non_cube.h">
      <Filter>Header Files</Filter>
    </ClInclude>
    <ClInclude Include="cwsdk\cwsdk\plasma.h">
      <Filter>Header Files</Filter>
    </ClInclude>
    <ClInclude Include="cwsdk\cwsdk\Vector3.h">
      <Filter>Header Files</Filter>
    </ClInclude>
    <ClInclude Include="cwsdk\cwsdk.h">
      <Filter>Header Files</Filter>
    </ClInclude>
    <ClInclude Include="imgui\imstb_truetype.h">
      <Filter>Header Files</Filter>
    </ClInclude>
    <ClInclude Include="imgui\imgui.h">
      <Filter>Header Files</Filter>
    </ClInclude>
    <ClInclude Include="imgui\imgui_internal.h">
      <Filter>Header Files</Filter>
    </ClInclude>
    <ClInclude Include="imgui\imstb_rectpack.h">
      <Filter>Header Files</Filter>
    </ClInclude>
    <ClInclude Include="imgui\imstb_textedit.h">
      <Filter>Header Files</Filter>
    </ClInclude>
    <ClInclude Include="imgui\imconfig.h">
      <Filter>Header Files</Filter>
    </ClInclude>
    <ClInclude Include="imgui\examples\imgui_impl_dx9.h">
      <Filter>Header Files</Filter>
    </ClInclude>
    <ClInclude Include="imgui\examples\imgui_impl_win32.h">
      <Filter>Header Files</Filter>
    </ClInclude>
    <ClInclude Include="BM.h">
      <Filter>Header Files</Filter>
    </ClInclude>
    <ClInclude Include="Util.h">
      <Filter>Header Files</Filter>
    </ClInclude>
  </ItemGroup>
</Project>